
Microsoft Visual Studio Solution File, Format Version 12.00
# Visual Studio Version 17
VisualStudioVersion = 17.8.34408.163
MinimumVisualStudioVersion = 10.0.40219.1
Project("{FAE04EC0-301F-11D3-BF4B-00C04F79EFBC}") = "Bai1_ThuMuc1", "Bai1\Bai1_ThuMuc1.csproj", "{DCE160E9-0928-452F-86F6-653EBF9952EB}"
EndProject
Project("{FAE04EC0-301F-11D3-BF4B-00C04F79EFBC}") = "Bai2_ThuMuc1", "Bai2\Bai2_ThuMuc1.csproj", "{E47B567B-834F-4E22-9382-895B69D790AE}"
EndProject
Project("{FAE04EC0-301F-11D3-BF4B-00C04F79EFBC}") = "BaiTapThietKeForm", "BaiTapThietKeForm\BaiTapThietKeForm.csproj", "{06993F32-3087-4A9E-8B9B-06F656AC5290}"
EndProject
Project("{FAE04EC0-301F-11D3-BF4B-00C04F79EFBC}") = "BaiTapWindowsForm_BT1", "BaiTapWindowsForm_BT1\BaiTapWindowsForm_BT1.csproj", "{C8D64D36-F14C-4026-AFDA-30D1AA869931}"
EndProject
Project("{FAE04EC0-301F-11D3-BF4B-00C04F79EFBC}") = "BaiTapWindowsForm_BT2", "BaiTapWindowsForm_BT2\BaiTapWindowsForm_BT2.csproj", "{51845EF8-AE8C-44F1-B8A8-2262E44B193B}"
EndProject
Project("{FAE04EC0-301F-11D3-BF4B-00C04F79EFBC}") = "BaiTapWindowsForm_BT3", "BaiTapWindowsForm_BT3\BaiTapWindowsForm_BT3.csproj", "{3DBFC1AB-AADA-4EF9-874F-DB563E5C0463}"
EndProject
Project("{FAE04EC0-301F-11D3-BF4B-00C04F79EFBC}") = "BaiTapWindowsForm_BT4", "BaiTapWindowsForm_BT4\BaiTapWindowsForm_BT4.csproj", "{0BEFBC88-DC27-4410-A026-BDA3A66F9BD6}"
EndProject
Global
	GlobalSection(SolutionConfigurationPlatforms) = preSolution
		Debug|Any CPU = Debug|Any CPU
		Release|Any CPU = Release|Any CPU
	EndGlobalSection
	GlobalSection(ProjectConfigurationPlatforms) = postSolution
		{DCE160E9-0928-452F-86F6-653EBF9952EB}.Debug|Any CPU.ActiveCfg = Debug|Any CPU
		{DCE160E9-0928-452F-86F6-653EBF9952EB}.Debug|Any CPU.Build.0 = Debug|Any CPU
		{DCE160E9-0928-452F-86F6-653EBF9952EB}.Release|Any CPU.ActiveCfg = Release|Any CPU
		{DCE160E9-0928-452F-86F6-653EBF9952EB}.Release|Any CPU.Build.0 = Release|Any CPU
		{E47B567B-834F-4E22-9382-895B69D790AE}.Debug|Any CPU.ActiveCfg = Debug|Any CPU
		{E47B567B-834F-4E22-9382-895B69D790AE}.Debug|Any CPU.Build.0 = Debug|Any CPU
		{E47B567B-834F-4E22-9382-895B69D790AE}.Release|Any CPU.ActiveCfg = Release|Any CPU
		{E47B567B-834F-4E22-9382-895B69D790AE}.Release|Any CPU.Build.0 = Release|Any CPU
		{06993F32-3087-4A9E-8B9B-06F656AC5290}.Debug|Any CPU.ActiveCfg = Debug|Any CPU
		{06993F32-3087-4A9E-8B9B-06F656AC5290}.Debug|Any CPU.Build.0 = Debug|Any CPU
		{06993F32-3087-4A9E-8B9B-06F656AC5290}.Release|Any CPU.ActiveCfg = Release|Any CPU
		{06993F32-3087-4A9E-8B9B-06F656AC5290}.Release|Any CPU.Build.0 = Release|Any CPU
		{C8D64D36-F14C-4026-AFDA-30D1AA869931}.Debug|Any CPU.ActiveCfg = Debug|Any CPU
		{C8D64D36-F14C-4026-AFDA-30D1AA869931}.Debug|Any CPU.Build.0 = Debug|Any CPU
		{C8D64D36-F14C-4026-AFDA-30D1AA869931}.Release|Any CPU.ActiveCfg = Release|Any CPU
		{C8D64D36-F14C-4026-AFDA-30D1AA869931}.Release|Any CPU.Build.0 = Release|Any CPU
		{51845EF8-AE8C-44F1-B8A8-2262E44B193B}.Debug|Any CPU.ActiveCfg = Debug|Any CPU
		{51845EF8-AE8C-44F1-B8A8-2262E44B193B}.Debug|Any CPU.Build.0 = Debug|Any CPU
		{51845EF8-AE8C-44F1-B8A8-2262E44B193B}.Release|Any CPU.ActiveCfg = Release|Any CPU
		{51845EF8-AE8C-44F1-B8A8-2262E44B193B}.Release|Any CPU.Build.0 = Release|Any CPU
		{3DBFC1AB-AADA-4EF9-874F-DB563E5C0463}.Debug|Any CPU.ActiveCfg = Debug|Any CPU
		{3DBFC1AB-AADA-4EF9-874F-DB563E5C0463}.Debug|Any CPU.Build.0 = Debug|Any CPU
		{3DBFC1AB-AADA-4EF9-874F-DB563E5C0463}.Release|Any CPU.ActiveCfg = Release|Any CPU
		{3DBFC1AB-AADA-4EF9-874F-DB563E5C0463}.Release|Any CPU.Build.0 = Release|Any CPU
		{0BEFBC88-DC27-4410-A026-BDA3A66F9BD6}.Debug|Any CPU.ActiveCfg = Debug|Any CPU
		{0BEFBC88-DC27-4410-A026-BDA3A66F9BD6}.Debug|Any CPU.Build.0 = Debug|Any CPU
		{0BEFBC88-DC27-4410-A026-BDA3A66F9BD6}.Release|Any CPU.ActiveCfg = Release|Any CPU
		{0BEFBC88-DC27-4410-A026-BDA3A66F9BD6}.Release|Any CPU.Build.0 = Release|Any CPU
	EndGlobalSection
	GlobalSection(SolutionProperties) = preSolution
		HideSolutionNode = FALSE
	EndGlobalSection
	GlobalSection(ExtensibilityGlobals) = postSolution
		SolutionGuid = {D61E0E3B-35EB-42B1-89C0-D6F49DB2148B}
	EndGlobalSection
EndGlobal
