
Microsoft Visual Studio Solution File, Format Version 12.00
# Visual Studio Version 17
VisualStudioVersion = 17.8.34408.163
MinimumVisualStudioVersion = 10.0.40219.1
Project("{FAE04EC0-301F-11D3-BF4B-00C04F79EFBC}") = "Bai1_ThuMuc1", "Bai1\Bai1_ThuMuc1.csproj", "{DCE160E9-0928-452F-86F6-653EBF9952EB}"
EndProject
Project("{FAE04EC0-301F-11D3-BF4B-00C04F79EFBC}") = "Bai2_ThuMuc1", "Bai2\Bai2_ThuMuc1.csproj", "{E47B567B-834F-4E22-9382-895B69D790AE}"
EndProject
Project("{FAE04EC0-301F-11D3-BF4B-00C04F79EFBC}") = "BaiTapThietKeForm", "BaiTapThietKeForm\BaiTapThietKeForm.csproj", "{06993F32-3087-4A9E-8B9B-06F656AC5290}"
EndProject
Global
	GlobalSection(SolutionConfigurationPlatforms) = preSolution
		Debug|Any CPU = Debug|Any CPU
		Release|Any CPU = Release|Any CPU
	EndGlobalSection
	GlobalSection(ProjectConfigurationPlatforms) = postSolution
		{DCE160E9-0928-452F-86F6-653EBF9952EB}.Debug|Any CPU.ActiveCfg = Debug|Any CPU
		{DCE160E9-0928-452F-86F6-653EBF9952EB}.Debug|Any CPU.Build.0 = Debug|Any CPU
		{DCE160E9-0928-452F-86F6-653EBF9952EB}.Release|Any CPU.ActiveCfg = Release|Any CPU
		{DCE160E9-0928-452F-86F6-653EBF9952EB}.Release|Any CPU.Build.0 = Release|Any CPU
		{E47B567B-834F-4E22-9382-895B69D790AE}.Debug|Any CPU.ActiveCfg = Debug|Any CPU
		{E47B567B-834F-4E22-9382-895B69D790AE}.Debug|Any CPU.Build.0 = Debug|Any CPU
		{E47B567B-834F-4E22-9382-895B69D790AE}.Release|Any CPU.ActiveCfg = Release|Any CPU
		{E47B567B-834F-4E22-9382-895B69D790AE}.Release|Any CPU.Build.0 = Release|Any CPU
		{06993F32-3087-4A9E-8B9B-06F656AC5290}.Debug|Any CPU.ActiveCfg = Debug|Any CPU
		{06993F32-3087-4A9E-8B9B-06F656AC5290}.Debug|Any CPU.Build.0 = Debug|Any CPU
		{06993F32-3087-4A9E-8B9B-06F656AC5290}.Release|Any CPU.ActiveCfg = Release|Any CPU
		{06993F32-3087-4A9E-8B9B-06F656AC5290}.Release|Any CPU.Build.0 = Release|Any CPU
	EndGlobalSection
	GlobalSection(SolutionProperties) = preSolution
		HideSolutionNode = FALSE
	EndGlobalSection
	GlobalSection(ExtensibilityGlobals) = postSolution
		SolutionGuid = {D61E0E3B-35EB-42B1-89C0-D6F49DB2148B}
	EndGlobalSection
EndGlobal
